
Microsoft Visual Studio Solution File, Format Version 11.00
# Visual Studio 2010
Project("{FAE04EC0-301F-11D3-BF4B-00C04F79EFBC}") = "BasicMechanicsDemo", "Assembly-CSharp.csproj", "{C77CE1C9-144A-99CE-89C6-F15358FE8174}"
EndProject
Project("{FAE04EC0-301F-11D3-BF4B-00C04F79EFBC}") = "BasicMechanicsDemo", "Assembly-CSharp-Editor.csproj", "{6BB9234A-8B4D-0574-A978-35B1FD6BA28F}"
EndProject
Project("{FAE04EC0-301F-11D3-BF4B-00C04F79EFBC}") = "BasicMechanicsDemo", "Assembly-CSharp-Editor-firstpass.csproj", "{980B618B-8C4E-D17D-24DD-09CCE117E622}"
EndProject
Global
	GlobalSection(SolutionConfigurationPlatforms) = preSolution
		Debug|Any CPU = Debug|Any CPU
		Release|Any CPU = Release|Any CPU
	EndGlobalSection
	GlobalSection(ProjectConfigurationPlatforms) = postSolution
		{A848AE61-E832-6B30-BE06-722F4C25A2F5}.Debug|Any CPU.ActiveCfg = Debug|Any CPU
		{A848AE61-E832-6B30-BE06-722F4C25A2F5}.Debug|Any CPU.Build.0 = Debug|Any CPU
		{A848AE61-E832-6B30-BE06-722F4C25A2F5}.Release|Any CPU.ActiveCfg = Release|Any CPU
		{A848AE61-E832-6B30-BE06-722F4C25A2F5}.Release|Any CPU.Build.0 = Release|Any CPU
		{05EF94E3-30BD-B2F9-2564-9244A2859108}.Debug|Any CPU.ActiveCfg = Debug|Any CPU
		{05EF94E3-30BD-B2F9-2564-9244A2859108}.Debug|Any CPU.Build.0 = Debug|Any CPU
		{05EF94E3-30BD-B2F9-2564-9244A2859108}.Release|Any CPU.ActiveCfg = Release|Any CPU
		{05EF94E3-30BD-B2F9-2564-9244A2859108}.Release|Any CPU.Build.0 = Release|Any CPU
		{514F3B34-3B83-CBB7-5160-E401A258CDF4}.Debug|Any CPU.ActiveCfg = Debug|Any CPU
		{514F3B34-3B83-CBB7-5160-E401A258CDF4}.Debug|Any CPU.Build.0 = Debug|Any CPU
		{514F3B34-3B83-CBB7-5160-E401A258CDF4}.Release|Any CPU.ActiveCfg = Release|Any CPU
		{514F3B34-3B83-CBB7-5160-E401A258CDF4}.Release|Any CPU.Build.0 = Release|Any CPU
	EndGlobalSection
	GlobalSection(SolutionProperties) = preSolution
		HideSolutionNode = FALSE
	EndGlobalSection
EndGlobal
