
Microsoft Visual Studio Solution File, Format Version 11.00
# Visual Studio 2010
Project("{FAE04EC0-301F-11D3-BF4B-00C04F79EFBC}") = "Assembly-CSharp", "Assembly-CSharp.csproj", "{C77CE1C9-144A-99CE-89C6-F15358FE8174}"
EndProject
Project("{FAE04EC0-301F-11D3-BF4B-00C04F79EFBC}") = "Assembly-CSharp-Editor", "Assembly-CSharp-Editor.csproj", "{6BB9234A-8B4D-0574-A978-35B1FD6BA28F}"
EndProject
Project("{FAE04EC0-301F-11D3-BF4B-00C04F79EFBC}") = "Assembly-CSharp-Editor-firstpass", "Assembly-CSharp-Editor-firstpass.csproj", "{980B618B-8C4E-D17D-24DD-09CCE117E622}"
EndProject
Global
	GlobalSection(SolutionConfigurationPlatforms) = preSolution
		Debug|Any CPU = Debug|Any CPU
		Release|Any CPU = Release|Any CPU
	EndGlobalSection
	GlobalSection(ProjectConfigurationPlatforms) = postSolution
		{C77CE1C9-144A-99CE-89C6-F15358FE8174}.Debug|Any CPU.ActiveCfg = Debug|Any CPU
		{C77CE1C9-144A-99CE-89C6-F15358FE8174}.Debug|Any CPU.Build.0 = Debug|Any CPU
		{C77CE1C9-144A-99CE-89C6-F15358FE8174}.Release|Any CPU.ActiveCfg = Release|Any CPU
		{C77CE1C9-144A-99CE-89C6-F15358FE8174}.Release|Any CPU.Build.0 = Release|Any CPU
		{6BB9234A-8B4D-0574-A978-35B1FD6BA28F}.Debug|Any CPU.ActiveCfg = Debug|Any CPU
		{6BB9234A-8B4D-0574-A978-35B1FD6BA28F}.Debug|Any CPU.Build.0 = Debug|Any CPU
		{6BB9234A-8B4D-0574-A978-35B1FD6BA28F}.Release|Any CPU.ActiveCfg = Release|Any CPU
		{6BB9234A-8B4D-0574-A978-35B1FD6BA28F}.Release|Any CPU.Build.0 = Release|Any CPU
		{980B618B-8C4E-D17D-24DD-09CCE117E622}.Debug|Any CPU.ActiveCfg = Debug|Any CPU
		{980B618B-8C4E-D17D-24DD-09CCE117E622}.Debug|Any CPU.Build.0 = Debug|Any CPU
		{980B618B-8C4E-D17D-24DD-09CCE117E622}.Release|Any CPU.ActiveCfg = Release|Any CPU
		{980B618B-8C4E-D17D-24DD-09CCE117E622}.Release|Any CPU.Build.0 = Release|Any CPU
	EndGlobalSection
	GlobalSection(SolutionProperties) = preSolution
		HideSolutionNode = FALSE
	EndGlobalSection
	GlobalSection(MonoDevelopProperties) = preSolution
		StartupItem = Assembly-CSharp.csproj
	EndGlobalSection
EndGlobal
